
Microsoft Visual Studio Solution File, Format Version 12.00
# Visual Studio Version 17
VisualStudioVersion = 17.2.32630.192
MinimumVisualStudioVersion = 10.0.40219.1
Project("{9A19103F-16F7-4668-BE54-9A1E7A4F7556}") = "lab3", "lab3\lab3.csproj", "{B013ADAE-EB67-49FC-BBD0-664D2F777DF7}"
EndProject
Project("{FAE04EC0-301F-11D3-BF4B-00C04F79EFBC}") = "lab3Tests", "lab3Tests\lab3Tests.csproj", "{44346FF2-EBD5-4F0C-9F10-E7FAE0032D01}"
EndProject
Global
	GlobalSection(SolutionConfigurationPlatforms) = preSolution
		Debug|Any CPU = Debug|Any CPU
		Release|Any CPU = Release|Any CPU
	EndGlobalSection
	GlobalSection(ProjectConfigurationPlatforms) = postSolution
		{B013ADAE-EB67-49FC-BBD0-664D2F777DF7}.Debug|Any CPU.ActiveCfg = Debug|Any CPU
		{B013ADAE-EB67-49FC-BBD0-664D2F777DF7}.Debug|Any CPU.Build.0 = Debug|Any CPU
		{B013ADAE-EB67-49FC-BBD0-664D2F777DF7}.Release|Any CPU.ActiveCfg = Release|Any CPU
		{B013ADAE-EB67-49FC-BBD0-664D2F777DF7}.Release|Any CPU.Build.0 = Release|Any CPU
		{44346FF2-EBD5-4F0C-9F10-E7FAE0032D01}.Debug|Any CPU.ActiveCfg = Debug|Any CPU
		{44346FF2-EBD5-4F0C-9F10-E7FAE0032D01}.Debug|Any CPU.Build.0 = Debug|Any CPU
		{44346FF2-EBD5-4F0C-9F10-E7FAE0032D01}.Release|Any CPU.ActiveCfg = Release|Any CPU
		{44346FF2-EBD5-4F0C-9F10-E7FAE0032D01}.Release|Any CPU.Build.0 = Release|Any CPU
	EndGlobalSection
	GlobalSection(SolutionProperties) = preSolution
		HideSolutionNode = FALSE
	EndGlobalSection
	GlobalSection(ExtensibilityGlobals) = postSolution
		SolutionGuid = {43CA1C3C-7AF7-478A-8B62-0B29A0AFCA80}
	EndGlobalSection
EndGlobal
